
Microsoft Visual Studio Solution File, Format Version 12.00
# Visual Studio 15
VisualStudioVersion = 15.0.28307.438
MinimumVisualStudioVersion = 10.0.40219.1
Project("{FAE04EC0-301F-11D3-BF4B-00C04F79EFBC}") = "MaPremiereApplication", "MaPremiereApplication\MaPremiereApplication.csproj", "{F2852F01-CB3A-48F5-A9A6-24B60345F842}"
EndProject
Global
	GlobalSection(SolutionConfigurationPlatforms) = preSolution
		Debug|Any CPU = Debug|Any CPU
		Release|Any CPU = Release|Any CPU
	EndGlobalSection
	GlobalSection(ProjectConfigurationPlatforms) = postSolution
		{F2852F01-CB3A-48F5-A9A6-24B60345F842}.Debug|Any CPU.ActiveCfg = Debug|Any CPU
		{F2852F01-CB3A-48F5-A9A6-24B60345F842}.Debug|Any CPU.Build.0 = Debug|Any CPU
		{F2852F01-CB3A-48F5-A9A6-24B60345F842}.Release|Any CPU.ActiveCfg = Release|Any CPU
		{F2852F01-CB3A-48F5-A9A6-24B60345F842}.Release|Any CPU.Build.0 = Release|Any CPU
	EndGlobalSection
	GlobalSection(SolutionProperties) = preSolution
		HideSolutionNode = FALSE
	EndGlobalSection
	GlobalSection(ExtensibilityGlobals) = postSolution
		SolutionGuid = {50FE11E2-63FA-4EB2-A4FF-2DB12C2483DD}
	EndGlobalSection
EndGlobal
